
Microsoft Visual Studio Solution File, Format Version 12.00
# Visual Studio Version 17
VisualStudioVersion = 17.5.002.0
MinimumVisualStudioVersion = 10.0.40219.1
Project("{9A19103F-16F7-4668-BE54-9A1E7A4F7556}") = "example007_tr", "example007_tr.csproj", "{8CC55112-1F29-47CE-B876-119FC4090783}"
EndProject
Global
	GlobalSection(SolutionConfigurationPlatforms) = preSolution
		Debug|Any CPU = Debug|Any CPU
		Release|Any CPU = Release|Any CPU
	EndGlobalSection
	GlobalSection(ProjectConfigurationPlatforms) = postSolution
		{8CC55112-1F29-47CE-B876-119FC4090783}.Debug|Any CPU.ActiveCfg = Debug|Any CPU
		{8CC55112-1F29-47CE-B876-119FC4090783}.Debug|Any CPU.Build.0 = Debug|Any CPU
		{8CC55112-1F29-47CE-B876-119FC4090783}.Release|Any CPU.ActiveCfg = Release|Any CPU
		{8CC55112-1F29-47CE-B876-119FC4090783}.Release|Any CPU.Build.0 = Release|Any CPU
	EndGlobalSection
	GlobalSection(SolutionProperties) = preSolution
		HideSolutionNode = FALSE
	EndGlobalSection
	GlobalSection(ExtensibilityGlobals) = postSolution
		SolutionGuid = {E7409DB6-E541-445B-9115-FA613789C4C8}
	EndGlobalSection
EndGlobal
