
Microsoft Visual Studio Solution File, Format Version 12.00
# Visual Studio Version 17
VisualStudioVersion = 17.5.002.0
MinimumVisualStudioVersion = 10.0.40219.1
Project("{9A19103F-16F7-4668-BE54-9A1E7A4F7556}") = "example001_helloConsole", "example001_helloConsole.csproj", "{700A5284-1E6B-430F-AD13-C4F01B811AED}"
EndProject
Global
	GlobalSection(SolutionConfigurationPlatforms) = preSolution
		Debug|Any CPU = Debug|Any CPU
		Release|Any CPU = Release|Any CPU
	EndGlobalSection
	GlobalSection(ProjectConfigurationPlatforms) = postSolution
		{700A5284-1E6B-430F-AD13-C4F01B811AED}.Debug|Any CPU.ActiveCfg = Debug|Any CPU
		{700A5284-1E6B-430F-AD13-C4F01B811AED}.Debug|Any CPU.Build.0 = Debug|Any CPU
		{700A5284-1E6B-430F-AD13-C4F01B811AED}.Release|Any CPU.ActiveCfg = Release|Any CPU
		{700A5284-1E6B-430F-AD13-C4F01B811AED}.Release|Any CPU.Build.0 = Release|Any CPU
	EndGlobalSection
	GlobalSection(SolutionProperties) = preSolution
		HideSolutionNode = FALSE
	EndGlobalSection
	GlobalSection(ExtensibilityGlobals) = postSolution
		SolutionGuid = {F385A7CA-01B4-417F-8B51-2853C529BAC8}
	EndGlobalSection
EndGlobal
